{
  "name": "garmin-power-dial-companion",
  "lockfileVersion": 3,
  "requires": true,
  "packages": {
    "": {
      "name": "garmin-power-dial-companion",
      "dependencies": {
        "@garmin/fitsdk": "^21.214.0"
      },
      "engines": {
        "node": ">=20.6"
      }
    },
    "node_modules/@garmin/fitsdk": {
      "version": "21.214.0",
      "resolved": "https://registry.npmjs.org/@garmin/fitsdk/-/fitsdk-21.214.0.tgz",
      "integrity": "sha512-c3ydrRYD0kPnX8USl+JEyJ9smhol3/JRxcU9QVZUvmb7ZBoGwhsqCAe7wXhwMJnMba97x4x+9J/yXr6WYUVaYQ==",
      "license": "SEE LICENSE IN LICENSE.txt"
    }
  }
}
